
Microsoft Visual Studio Solution File, Format Version 12.00
# Visual Studio Version 16
VisualStudioVersion = 16.0.31019.35
MinimumVisualStudioVersion = 10.0.40219.1
Project("{FAE04EC0-301F-11D3-BF4B-00C04F79EFBC}") = "SistTiendaRopa", "SistTiendaRopa\SistTiendaRopa.csproj", "{72730527-67B8-445E-AA1C-30C821D82BF3}"
EndProject
Project("{FAE04EC0-301F-11D3-BF4B-00C04F79EFBC}") = "CapaDatos", "CapaDatos\CapaDatos.csproj", "{0CC71B67-9142-464C-B99C-8DA54A220BCF}"
EndProject
Project("{FAE04EC0-301F-11D3-BF4B-00C04F79EFBC}") = "CapaNegocio", "CapaNegocio\CapaNegocio.csproj", "{38397986-9B3A-476D-8688-C9C26EB5C55D}"
EndProject
Global
	GlobalSection(SolutionConfigurationPlatforms) = preSolution
		Debug|Any CPU = Debug|Any CPU
		Release|Any CPU = Release|Any CPU
	EndGlobalSection
	GlobalSection(ProjectConfigurationPlatforms) = postSolution
		{72730527-67B8-445E-AA1C-30C821D82BF3}.Debug|Any CPU.ActiveCfg = Debug|Any CPU
		{72730527-67B8-445E-AA1C-30C821D82BF3}.Debug|Any CPU.Build.0 = Debug|Any CPU
		{72730527-67B8-445E-AA1C-30C821D82BF3}.Release|Any CPU.ActiveCfg = Release|Any CPU
		{72730527-67B8-445E-AA1C-30C821D82BF3}.Release|Any CPU.Build.0 = Release|Any CPU
		{0CC71B67-9142-464C-B99C-8DA54A220BCF}.Debug|Any CPU.ActiveCfg = Debug|Any CPU
		{0CC71B67-9142-464C-B99C-8DA54A220BCF}.Debug|Any CPU.Build.0 = Debug|Any CPU
		{0CC71B67-9142-464C-B99C-8DA54A220BCF}.Release|Any CPU.ActiveCfg = Release|Any CPU
		{0CC71B67-9142-464C-B99C-8DA54A220BCF}.Release|Any CPU.Build.0 = Release|Any CPU
		{38397986-9B3A-476D-8688-C9C26EB5C55D}.Debug|Any CPU.ActiveCfg = Debug|Any CPU
		{38397986-9B3A-476D-8688-C9C26EB5C55D}.Debug|Any CPU.Build.0 = Debug|Any CPU
		{38397986-9B3A-476D-8688-C9C26EB5C55D}.Release|Any CPU.ActiveCfg = Release|Any CPU
		{38397986-9B3A-476D-8688-C9C26EB5C55D}.Release|Any CPU.Build.0 = Release|Any CPU
	EndGlobalSection
	GlobalSection(SolutionProperties) = preSolution
		HideSolutionNode = FALSE
	EndGlobalSection
	GlobalSection(ExtensibilityGlobals) = postSolution
		SolutionGuid = {00881984-1FD6-433E-9FE1-52B917C93A08}
	EndGlobalSection
EndGlobal
